{
  "name": "fastApiProject2",
  "lockfileVersion": 3,
  "requires": true,
  "packages": {
    "": {
      "dependencies": {
        "lucide-react": "^0.454.0",
        "react-social-icons": "^6.18.0",
        "styled-icons": "^10.47.1"
      }
    },
    "node_modules/@babel/runtime": {
      "version": "7.26.0",
      "resolved": "https://registry.npmjs.org/@babel/runtime/-/runtime-7.26.0.tgz",
      "integrity": "sha512-FDSOghenHTiToteC/QRlv2q3DhPZ/oOXTBoirfWNx1Cx3TMVcGWQtMMmQcSvb/JjpNeGzx8Pq/b4fKEJuWm1sw==",
      "dependencies": {
        "regenerator-runtime": "^0.14.0"
      },
      "engines": {
        "node": ">=6.9.0"
      }
    },
    "node_modules/@emotion/is-prop-valid": {
      "version": "1.2.2",
      "resolved": "https://registry.npmjs.org/@emotion/is-prop-valid/-/is-prop-valid-1.2.2.tgz",
      "integrity": "sha512-uNsoYd37AFmaCdXlg6EYD1KaPOaRWRByMCYzbKUX4+hhMfrxdVSelShywL4JVaAeM/eHUOSprYBQls+/neX3pw==",
      "peer": true,
      "dependencies": {
        "@emotion/memoize": "^0.8.1"
      }
    },
    "node_modules/@emotion/memoize": {
      "version": "0.8.1",
      "resolved": "https://registry.npmjs.org/@emotion/memoize/-/memoize-0.8.1.tgz",
      "integrity": "sha512-W2P2c/VRW1/1tLox0mVUalvnWXxavmv/Oum2aPsRcoDJuob75FC3Y8FbpfLwUegRcxINtGUMPq0tFCvYNTBXNA==",
      "peer": true
    },
    "node_modules/@emotion/unitless": {
      "version": "0.8.1",
      "resolved": "https://registry.npmjs.org/@emotion/unitless/-/unitless-0.8.1.tgz",
      "integrity": "sha512-KOEGMu6dmJZtpadb476IsZBclKvILjopjUii3V+7MnXIQCYh8W3NgNcgwo21n9LXZX6EDIKvqfjYxXebDwxKmQ==",
      "peer": true
    },
    "node_modules/@styled-icons/bootstrap": {
      "version": "10.47.0",
      "resolved": "https://registry.npmjs.org/@styled-icons/bootstrap/-/bootstrap-10.47.0.tgz",
      "integrity": "sha512-xpnPdrLhAhpTRE4iljQIEK73twVj7VPglwHSL+8nQdH7EsW5RJIOWsmlkZMyqhQHN0H7fGmT10F3/6OQhSpfGg==",
      "dependencies": {
        "@babel/runtime": "^7.20.7",
        "@styled-icons/styled-icon": "^10.7.0"
      },
      "funding": {
        "type": "GitHub",
        "url": "https://github.com/sponsors/jacobwgillespie"
      },
      "peerDependencies": {
        "react": "*",
        "styled-components": "*"
      }
    },
    "node_modules/@styled-icons/boxicons-logos": {
      "version": "10.47.0",
      "resolved": "https://registry.npmjs.org/@styled-icons/boxicons-logos/-/boxicons-logos-10.47.0.tgz",
      "integrity": "sha512-eDZfiTjBth4MsCX83ZfiWIoYGU494NxZgAxyf7S0ky2ZRsJnq/Cs7crH4hKWUTaLvCo0XRJmLeA3Us2tZFiItg==",
      "dependencies": {
        "@babel/runtime": "^7.20.7",
        "@styled-icons/styled-icon": "^10.7.0"
      },
      "funding": {
        "type": "GitHub",
        "url": "https://github.com/sponsors/jacobwgillespie"
      },
      "peerDependencies": {
        "react": "*",
        "styled-components": "*"
      }
    },
    "node_modules/@styled-icons/boxicons-regular": {
      "version": "10.47.0",
      "resolved": "https://registry.npmjs.org/@styled-icons/boxicons-regular/-/boxicons-regular-10.47.0.tgz",
      "integrity": "sha512-z8KczDp4VArXvOn8i2j66Xs4oX9oiiJEhMoHydY3uC9kdtImcxhZ/xHPrgTJLkbK6f5ikwB4CKVnSqQGzzAJNw==",
      "dependencies": {
        "@babel/runtime": "^7.20.7",
        "@styled-icons/styled-icon": "^10.7.0"
      },
      "funding": {
        "type": "GitHub",
        "url": "https://github.com/sponsors/jacobwgillespie"
      },
      "peerDependencies": {
        "react": "*",
        "styled-components": "*"
      }
    },
    "node_modules/@styled-icons/boxicons-solid": {
      "version": "10.47.0",
      "resolved": "https://registry.npmjs.org/@styled-icons/boxicons-solid/-/boxicons-solid-10.47.0.tgz",
      "integrity": "sha512-M795TXYtSJCpfr+ukHZfH9mA0j5MPlB5vwRCnU3O+dojAYla/zoaSashjhUbmlgzKNwALWNfzOqicSCAzU2fhg==",
      "dependencies": {
        "@babel/runtime": "^7.20.7",
        "@styled-icons/styled-icon": "^10.7.0"
      },
      "funding": {
        "type": "GitHub",
        "url": "https://github.com/sponsors/jacobwgillespie"
      },
      "peerDependencies": {
        "react": "*",
        "styled-components": "*"
      }
    },
    "node_modules/@styled-icons/crypto": {
      "version": "10.47.0",
      "resolved": "https://registry.npmjs.org/@styled-icons/crypto/-/crypto-10.47.0.tgz",
      "integrity": "sha512-2hSOo1yb3ZEEOJAv9OBZLf3KQ8ujJrLw1uVDINJa7zLGuSfEWawnlkv/T2B0zQkOm0Hb6gikTRTAkLr4gyIS4Q==",
      "dependencies": {
        "@babel/runtime": "^7.20.7",
        "@styled-icons/styled-icon": "^10.7.0"
      },
      "funding": {
        "type": "GitHub",
        "url": "https://github.com/sponsors/jacobwgillespie"
      },
      "peerDependencies": {
        "react": "*",
        "styled-components": "*"
      }
    },
    "node_modules/@styled-icons/entypo": {
      "version": "10.46.0",
      "resolved": "https://registry.npmjs.org/@styled-icons/entypo/-/entypo-10.46.0.tgz",
      "integrity": "sha512-0ChIqx3EMlMeout4Aa5AwEYtKsgTqrY/NnVQGvhlGfMYq9mC7jq7JuaKvt5SJ9/0cEnVhgW5zwAe4LeyrsJl5g==",
      "dependencies": {
        "@babel/runtime": "^7.19.0",
        "@styled-icons/styled-icon": "^10.7.0"
      },
      "funding": {
        "type": "GitHub",
        "url": "https://github.com/sponsors/jacobwgillespie"
      },
      "peerDependencies": {
        "react": "*",
        "styled-components": "*"
      }
    },
    "node_modules/@styled-icons/entypo-social": {
      "version": "10.46.0",
      "resolved": "https://registry.npmjs.org/@styled-icons/entypo-social/-/entypo-social-10.46.0.tgz",
      "integrity": "sha512-DWbUK7JkuAu4TPIBeeYfxys3cP8M4/q/XG2JVruDHa18viCEcDR1JXfn1p3TVYZCvlciKev+Vr1yrgcamTwVkg==",
      "dependencies": {
        "@babel/runtime": "^7.19.0",
        "@styled-icons/styled-icon": "^10.7.0"
      },
      "funding": {
        "type": "GitHub",
        "url": "https://github.com/sponsors/jacobwgillespie"
      },
      "peerDependencies": {
        "react": "*",
        "styled-components": "*"
      }
    },
    "node_modules/@styled-icons/evaicons-outline": {
      "version": "10.46.0",
      "resolved": "https://registry.npmjs.org/@styled-icons/evaicons-outline/-/evaicons-outline-10.46.0.tgz",
      "integrity": "sha512-+tHb/Ir6G1e+rSJ2YKgm2vzjF80JoXWEmoC48exFrQEKQkJPSWtsqKdROkfANKrY9AFnRKhJQ+9fHhnjS+V/OA==",
      "dependencies": {
        "@babel/runtime": "^7.19.0",
        "@styled-icons/styled-icon": "^10.7.0"
      },
      "funding": {
        "type": "GitHub",
        "url": "https://github.com/sponsors/jacobwgillespie"
      },
      "peerDependencies": {
        "react": "*",
        "styled-components": "*"
      }
    },
    "node_modules/@styled-icons/evaicons-solid": {
      "version": "10.46.0",
      "resolved": "https://registry.npmjs.org/@styled-icons/evaicons-solid/-/evaicons-solid-10.46.0.tgz",
      "integrity": "sha512-tRw2/TkmRNV4N2badKPFnnRy+WbVtUkrloNo94CgF5rpxoL0eK+ki3OYZYqbl0T66bJ07hqduqTc3rbxvT/vfw==",
      "dependencies": {
        "@babel/runtime": "^7.19.0",
        "@styled-icons/styled-icon": "^10.7.0"
      },
      "funding": {
        "type": "GitHub",
        "url": "https://github.com/sponsors/jacobwgillespie"
      },
      "peerDependencies": {
        "react": "*",
        "styled-components": "*"
      }
    },
    "node_modules/@styled-icons/evil": {
      "version": "10.46.0",
      "resolved": "https://registry.npmjs.org/@styled-icons/evil/-/evil-10.46.0.tgz",
      "integrity": "sha512-r1g2jZmz84XGLgJbAPkMDmuToUF+KyNWkS6GNoP+ygzriNgzgoHkcEvIb/bx/I2/UUHeotRMOknvhvh5C2CwFg==",
      "dependencies": {
        "@babel/runtime": "^7.19.0",
        "@styled-icons/styled-icon": "^10.7.0"
      },
      "funding": {
        "type": "GitHub",
        "url": "https://github.com/sponsors/jacobwgillespie"
      },
      "peerDependencies": {
        "react": "*",
        "styled-components": "*"
      }
    },
    "node_modules/@styled-icons/fa-brands": {
      "version": "10.47.0",
      "resolved": "https://registry.npmjs.org/@styled-icons/fa-brands/-/fa-brands-10.47.0.tgz",
      "integrity": "sha512-w+G31+61nBnjxzCwMs+H9rNm9jl+HhtRgZYvNd+2NKQn1dRbHbBVXzQEHCOL6hksvkDbIa0iPrenqMU6pB+wZQ==",
      "dependencies": {
        "@babel/runtime": "^7.20.7",
        "@styled-icons/styled-icon": "^10.7.0"
      },
      "funding": {
        "type": "GitHub",
        "url": "https://github.com/sponsors/jacobwgillespie"
      },
      "peerDependencies": {
        "react": "*",
        "styled-components": "*"
      }
    },
    "node_modules/@styled-icons/fa-regular": {
      "version": "10.47.0",
      "resolved": "https://registry.npmjs.org/@styled-icons/fa-regular/-/fa-regular-10.47.0.tgz",
      "integrity": "sha512-UL/MwhwlJ5SbcioI+UBR8KocYt6i+20akKn1ZNj0Pjgm2kv2odEJSWWkHCxh8J7T7s0q/Wvs3CMsBTMrKdKDpQ==",
      "dependencies": {
        "@babel/runtime": "^7.20.7",
        "@styled-icons/styled-icon": "^10.7.0"
      },
      "funding": {
        "type": "GitHub",
        "url": "https://github.com/sponsors/jacobwgillespie"
      },
      "peerDependencies": {
        "react": "*",
        "styled-components": "*"
      }
    },
    "node_modules/@styled-icons/fa-solid": {
      "version": "10.47.0",
      "resolved": "https://registry.npmjs.org/@styled-icons/fa-solid/-/fa-solid-10.47.0.tgz",
      "integrity": "sha512-8AJjbOAkvPlB/ypFzWo++CZxRDlFQfvWQSjWzVU/v/4kjGRWIiVB+rJrTB7joDUd5Oas/se4cSiDkSA+XR/Fqg==",
      "dependencies": {
        "@babel/runtime": "^7.20.7",
        "@styled-icons/styled-icon": "^10.7.0"
      },
      "funding": {
        "type": "GitHub",
        "url": "https://github.com/sponsors/jacobwgillespie"
      },
      "peerDependencies": {
        "react": "*",
        "styled-components": "*"
      }
    },
    "node_modules/@styled-icons/feather": {
      "version": "10.47.0",
      "resolved": "https://registry.npmjs.org/@styled-icons/feather/-/feather-10.47.0.tgz",
      "integrity": "sha512-w6F3s1B4DaQGLr4AZZ0PffZQOnPSRqr3npHoTvk4Juz4uTjw9/oHolcrTxPyJas9gXAV1kCLbeiaxTR6JVxJPw==",
      "dependencies": {
        "@babel/runtime": "^7.20.7",
        "@styled-icons/styled-icon": "^10.7.0"
      },
      "funding": {
        "type": "GitHub",
        "url": "https://github.com/sponsors/jacobwgillespie"
      },
      "peerDependencies": {
        "react": "*",
        "styled-components": "*"
      }
    },
    "node_modules/@styled-icons/fluentui-system-filled": {
      "version": "10.47.0",
      "resolved": "https://registry.npmjs.org/@styled-icons/fluentui-system-filled/-/fluentui-system-filled-10.47.0.tgz",
      "integrity": "sha512-jAO8bs9SY/5Xu2vxg5sJmnD5YA966G2m2qU4ezlDbLDIXSaX/1qUBUivBFSWCDn4q5rslegzD1rhc9FncgPbSw==",
      "dependencies": {
        "@babel/runtime": "^7.20.7",
        "@styled-icons/styled-icon": "^10.7.0"
      },
      "funding": {
        "type": "GitHub",
        "url": "https://github.com/sponsors/jacobwgillespie"
      },
      "peerDependencies": {
        "react": "*",
        "styled-components": "*"
      }
    },
    "node_modules/@styled-icons/fluentui-system-regular": {
      "version": "10.47.0",
      "resolved": "https://registry.npmjs.org/@styled-icons/fluentui-system-regular/-/fluentui-system-regular-10.47.0.tgz",
      "integrity": "sha512-x1TmxKS6mpX+QJw8ismT3rNa6TPvKYftmQRy57LbdNE9L5FkyWldrumPboZGKWi/oNiBn6SBelPeqv8LPFXNHQ==",
      "dependencies": {
        "@babel/runtime": "^7.20.7",
        "@styled-icons/styled-icon": "^10.7.0"
      },
      "funding": {
        "type": "GitHub",
        "url": "https://github.com/sponsors/jacobwgillespie"
      },
      "peerDependencies": {
        "react": "*",
        "styled-components": "*"
      }
    },
    "node_modules/@styled-icons/foundation": {
      "version": "10.46.0",
      "resolved": "https://registry.npmjs.org/@styled-icons/foundation/-/foundation-10.46.0.tgz",
      "integrity": "sha512-RZqNVxStjvboGg6+X1By9pE0j7FuzUkfgbu9SgOkSzMrHTvnTOu0JiQ7nNw+CY46rXhT8JTwRCgk2OLTk+anGA==",
      "dependencies": {
        "@babel/runtime": "^7.19.0",
        "@styled-icons/styled-icon": "^10.7.0"
      },
      "funding": {
        "type": "GitHub",
        "url": "https://github.com/sponsors/jacobwgillespie"
      },
      "peerDependencies": {
        "react": "*",
        "styled-components": "*"
      }
    },
    "node_modules/@styled-icons/heroicons-outline": {
      "version": "10.47.0",
      "resolved": "https://registry.npmjs.org/@styled-icons/heroicons-outline/-/heroicons-outline-10.47.0.tgz",
      "integrity": "sha512-C7bcJ/YPVKACoQLSBDM9DkgmrO1HmqAaru9kqYK2V+GaGUW5raf6dyTLo7GUYt/CJ7p3qWxsBz3SX6djzdaODQ==",
      "dependencies": {
        "@babel/runtime": "^7.20.7",
        "@styled-icons/styled-icon": "^10.7.0"
      },
      "funding": {
        "type": "GitHub",
        "url": "https://github.com/sponsors/jacobwgillespie"
      },
      "peerDependencies": {
        "react": "*",
        "styled-components": "*"
      }
    },
    "node_modules/@styled-icons/heroicons-solid": {
      "version": "10.47.0",
      "resolved": "https://registry.npmjs.org/@styled-icons/heroicons-solid/-/heroicons-solid-10.47.0.tgz",
      "integrity": "sha512-j+tJx2NzLG2tc91IXJVwKNjsI/osxmak+wmLfnfBsB+49srpxMYjuLPMtl9ZY/xgbNsWO36O+/N5Zf5bkgiKcQ==",
      "dependencies": {
        "@babel/runtime": "^7.20.7",
        "@styled-icons/styled-icon": "^10.7.0"
      },
      "funding": {
        "type": "GitHub",
        "url": "https://github.com/sponsors/jacobwgillespie"
      },
      "peerDependencies": {
        "react": "*",
        "styled-components": "*"
      }
    },
    "node_modules/@styled-icons/icomoon": {
      "version": "10.46.0",
      "resolved": "https://registry.npmjs.org/@styled-icons/icomoon/-/icomoon-10.46.0.tgz",
      "integrity": "sha512-3KcTTuswDrC03byyr9G9v5aWDTrhO6PbbN5O7CtU4/NXY4AaOkTQ8GUfvRjZ8yG/aEYRH4VYkWFpYu1CdsZxNg==",
      "dependencies": {
        "@babel/runtime": "^7.19.0",
        "@styled-icons/styled-icon": "^10.7.0"
      },
      "funding": {
        "type": "GitHub",
        "url": "https://github.com/sponsors/jacobwgillespie"
      },
      "peerDependencies": {
        "react": "*",
        "styled-components": "*"
      }
    },
    "node_modules/@styled-icons/ionicons-outline": {
      "version": "10.46.0",
      "resolved": "https://registry.npmjs.org/@styled-icons/ionicons-outline/-/ionicons-outline-10.46.0.tgz",
      "integrity": "sha512-BEFEBGQDhPssEshbHyrsAXbEb7hNsrsHa0Zh0zLlfCIB3Vxc2GrQU9Qibto443ZRVw5qgF7iBdSwQHiwY8dQJw==",
      "dependencies": {
        "@babel/runtime": "^7.19.0",
        "@styled-icons/styled-icon": "^10.7.0"
      },
      "funding": {
        "type": "GitHub",
        "url": "https://github.com/sponsors/jacobwgillespie"
      },
      "peerDependencies": {
        "react": "*",
        "styled-components": "*"
      }
    },
    "node_modules/@styled-icons/ionicons-sharp": {
      "version": "10.46.0",
      "resolved": "https://registry.npmjs.org/@styled-icons/ionicons-sharp/-/ionicons-sharp-10.46.0.tgz",
      "integrity": "sha512-ZMkS+zBe04odi/4llkKMZkNEz8K3whta7Chzk81vvCTtR7jMnGEyw+tMUZbARliOOyaELBeTbgeUwNRNTibiSA==",
      "dependencies": {
        "@babel/runtime": "^7.19.0",
        "@styled-icons/styled-icon": "^10.7.0"
      },
      "funding": {
        "type": "GitHub",
        "url": "https://github.com/sponsors/jacobwgillespie"
      },
      "peerDependencies": {
        "react": "*",
        "styled-components": "*"
      }
    },
    "node_modules/@styled-icons/ionicons-solid": {
      "version": "10.46.0",
      "resolved": "https://registry.npmjs.org/@styled-icons/ionicons-solid/-/ionicons-solid-10.46.0.tgz",
      "integrity": "sha512-agiuzQzqrrRWHrGfswC6EciKVjt/XSZuQFbvP/s6qU2oYkQuJRdhmAZQldTaj9Xb2GyAmEjM0cmkWG3+JzV7CQ==",
      "dependencies": {
        "@babel/runtime": "^7.19.0",
        "@styled-icons/styled-icon": "^10.7.0"
      },
      "funding": {
        "type": "GitHub",
        "url": "https://github.com/sponsors/jacobwgillespie"
      },
      "peerDependencies": {
        "react": "*",
        "styled-components": "*"
      }
    },
    "node_modules/@styled-icons/material": {
      "version": "10.47.0",
      "resolved": "https://registry.npmjs.org/@styled-icons/material/-/material-10.47.0.tgz",
      "integrity": "sha512-6fwoLPHg3P9O/iXSblQ67mchgURJvhU7mfba29ICfpg62zJ/loEalUgspm1GGtYVSPtkejshVWUtV99dXpcQfg==",
      "dependencies": {
        "@babel/runtime": "^7.20.7",
        "@styled-icons/styled-icon": "^10.7.0"
      },
      "funding": {
        "type": "GitHub",
        "url": "https://github.com/sponsors/jacobwgillespie"
      },
      "peerDependencies": {
        "react": "*",
        "styled-components": "*"
      }
    },
    "node_modules/@styled-icons/material-outlined": {
      "version": "10.47.0",
      "resolved": "https://registry.npmjs.org/@styled-icons/material-outlined/-/material-outlined-10.47.0.tgz",
      "integrity": "sha512-/QeDSGXlfRoIsgx4g4Hb//xhsucD4mJJsNPk/e1XzckxkNG+YHCIjbAHzDwxwNfSCJYcTDcOp2SZcoS7iyNGlw==",
      "dependencies": {
        "@babel/runtime": "^7.20.7",
        "@styled-icons/styled-icon": "^10.7.0"
      },
      "funding": {
        "type": "GitHub",
        "url": "https://github.com/sponsors/jacobwgillespie"
      },
      "peerDependencies": {
        "react": "*",
        "styled-components": "*"
      }
    },
    "node_modules/@styled-icons/material-rounded": {
      "version": "10.47.0",
      "resolved": "https://registry.npmjs.org/@styled-icons/material-rounded/-/material-rounded-10.47.0.tgz",
      "integrity": "sha512-+ByhDd1FJept3k8iBDxMWSzmIh29UrgZTIzh2pADWldGrsD/2JKdsC7knQghSj9uCevHNMKEeVaYBQMLoNUjvw==",
      "dependencies": {
        "@babel/runtime": "^7.20.7",
        "@styled-icons/styled-icon": "^10.7.0"
      },
      "funding": {
        "type": "GitHub",
        "url": "https://github.com/sponsors/jacobwgillespie"
      },
      "peerDependencies": {
        "react": "*",
        "styled-components": "*"
      }
    },
    "node_modules/@styled-icons/material-sharp": {
      "version": "10.47.0",
      "resolved": "https://registry.npmjs.org/@styled-icons/material-sharp/-/material-sharp-10.47.0.tgz",
      "integrity": "sha512-U9bjvur/vawfiBhE75efNOF4WkSAygn26bQvHFJPc71ZCisvgJncnlSmR0rUgWnu7Cp/qg6faDH5CKDXBmGWCA==",
      "dependencies": {
        "@babel/runtime": "^7.20.7",
        "@styled-icons/styled-icon": "^10.7.0"
      },
      "funding": {
        "type": "GitHub",
        "url": "https://github.com/sponsors/jacobwgillespie"
      },
      "peerDependencies": {
        "react": "*",
        "styled-components": "*"
      }
    },
    "node_modules/@styled-icons/material-twotone": {
      "version": "10.47.0",
      "resolved": "https://registry.npmjs.org/@styled-icons/material-twotone/-/material-twotone-10.47.0.tgz",
      "integrity": "sha512-c4Q1r0EJaDEI1/IsBWo0Mo8lZZvtA/3Or1ScUcmjwKBZxpR8960uGy4CReLzBPALC4L6aPiM1H168fz39fm4oQ==",
      "dependencies": {
        "@babel/runtime": "^7.20.7",
        "@styled-icons/styled-icon": "^10.7.0"
      },
      "funding": {
        "type": "GitHub",
        "url": "https://github.com/sponsors/jacobwgillespie"
      },
      "peerDependencies": {
        "react": "*",
        "styled-components": "*"
      }
    },
    "node_modules/@styled-icons/octicons": {
      "version": "10.47.0",
      "resolved": "https://registry.npmjs.org/@styled-icons/octicons/-/octicons-10.47.0.tgz",
      "integrity": "sha512-JOqEbwbh23u/AdaINod8ZeVN5MEcOvkSeMTwGIPaPgz5PNuWRj/+1LpixmBeZjAr/WhB0pxZBBwA+e91BelQCA==",
      "dependencies": {
        "@babel/runtime": "^7.20.7",
        "@styled-icons/styled-icon": "^10.7.0"
      },
      "funding": {
        "type": "GitHub",
        "url": "https://github.com/sponsors/jacobwgillespie"
      },
      "peerDependencies": {
        "react": "*",
        "styled-components": "*"
      }
    },
    "node_modules/@styled-icons/open-iconic": {
      "version": "10.46.0",
      "resolved": "https://registry.npmjs.org/@styled-icons/open-iconic/-/open-iconic-10.46.0.tgz",
      "integrity": "sha512-v7wrHcUACQeSfJrLan/jXxgz7RSlJJXSc2u33UR82ewkOSBhaXp/zZxKF1tFCT2spvth0NBl6OkZUCw9ctgyrA==",
      "dependencies": {
        "@babel/runtime": "^7.19.0",
        "@styled-icons/styled-icon": "^10.7.0"
      },
      "funding": {
        "type": "GitHub",
        "url": "https://github.com/sponsors/jacobwgillespie"
      },
      "peerDependencies": {
        "react": "*",
        "styled-components": "*"
      }
    },
    "node_modules/@styled-icons/remix-editor": {
      "version": "10.46.0",
      "resolved": "https://registry.npmjs.org/@styled-icons/remix-editor/-/remix-editor-10.46.0.tgz",
      "integrity": "sha512-oOrt6wj5//4LrZkm40bXcsFpTgXbdOkixu6RHuE3O82+Hqtw1bYR/smm5MbLOJ+Kz62SEjDF3sxqFO23ITDeUQ==",
      "dependencies": {
        "@babel/runtime": "^7.19.0",
        "@styled-icons/styled-icon": "^10.7.0"
      },
      "funding": {
        "type": "GitHub",
        "url": "https://github.com/sponsors/jacobwgillespie"
      },
      "peerDependencies": {
        "react": "*",
        "styled-components": "*"
      }
    },
    "node_modules/@styled-icons/remix-fill": {
      "version": "10.46.0",
      "resolved": "https://registry.npmjs.org/@styled-icons/remix-fill/-/remix-fill-10.46.0.tgz",
      "integrity": "sha512-D2rWGJ9/7BR+3TMvmIoWGASMfyhWT4lTF+we8h9Pya5Ye+69cftvp817DMuaR/6czCugXTrB++HTQX0XJfoBFw==",
      "dependencies": {
        "@babel/runtime": "^7.19.0",
        "@styled-icons/styled-icon": "^10.7.0"
      },
      "funding": {
        "type": "GitHub",
        "url": "https://github.com/sponsors/jacobwgillespie"
      },
      "peerDependencies": {
        "react": "*",
        "styled-components": "*"
      }
    },
    "node_modules/@styled-icons/remix-line": {
      "version": "10.46.0",
      "resolved": "https://registry.npmjs.org/@styled-icons/remix-line/-/remix-line-10.46.0.tgz",
      "integrity": "sha512-TkbtXdgcuM7VpE/51k8+sxfReFjSQpAFVnjJi8/gxwcTzjdOG7Plkgsaixi2+hiLk/Coj/+67KbntBoSevROsw==",
      "dependencies": {
        "@babel/runtime": "^7.19.0",
        "@styled-icons/styled-icon": "^10.7.0"
      },
      "funding": {
        "type": "GitHub",
        "url": "https://github.com/sponsors/jacobwgillespie"
      },
      "peerDependencies": {
        "react": "*",
        "styled-components": "*"
      }
    },
    "node_modules/@styled-icons/simple-icons": {
      "version": "10.46.0",
      "resolved": "https://registry.npmjs.org/@styled-icons/simple-icons/-/simple-icons-10.46.0.tgz",
      "integrity": "sha512-zHkbGqAqFOwpqDjbhKTKsAXNxtBOXb7Ot2eKoDaDFckJGr2shAXRchclUS6wSixSPwQIPGAUcdO7Cq744Ollng==",
      "dependencies": {
        "@babel/runtime": "^7.19.0",
        "@styled-icons/styled-icon": "^10.7.0"
      },
      "funding": {
        "type": "GitHub",
        "url": "https://github.com/sponsors/jacobwgillespie"
      },
      "peerDependencies": {
        "react": "*",
        "styled-components": "*"
      }
    },
    "node_modules/@styled-icons/styled-icon": {
      "version": "10.7.1",
      "resolved": "https://registry.npmjs.org/@styled-icons/styled-icon/-/styled-icon-10.7.1.tgz",
      "integrity": "sha512-WLYaeMTMhMkSxE+v+of+r2ovIk0tceDGfv8iqWHRMxvbm+6zxngVcQ4ELx6Zt/LFxqckmmoAdvo6ehiiYj6I6A==",
      "dependencies": {
        "@babel/runtime": "^7.20.7"
      },
      "funding": {
        "type": "GitHub",
        "url": "https://github.com/sponsors/jacobwgillespie"
      },
      "peerDependencies": {
        "react": "*",
        "styled-components": ">=4.1.0"
      }
    },
    "node_modules/@styled-icons/typicons": {
      "version": "10.46.0",
      "resolved": "https://registry.npmjs.org/@styled-icons/typicons/-/typicons-10.46.0.tgz",
      "integrity": "sha512-yCJnVggGsbxOyuIPEmD+9IYRvB5w41hpJKdpI0ErasYG9Izt/lGqUaaDaxR39u9s28Q54Fq/v+Ni17dFCs8FOw==",
      "dependencies": {
        "@babel/runtime": "^7.19.0",
        "@styled-icons/styled-icon": "^10.7.0"
      },
      "funding": {
        "type": "GitHub",
        "url": "https://github.com/sponsors/jacobwgillespie"
      },
      "peerDependencies": {
        "react": "*",
        "styled-components": "*"
      }
    },
    "node_modules/@styled-icons/zondicons": {
      "version": "10.46.0",
      "resolved": "https://registry.npmjs.org/@styled-icons/zondicons/-/zondicons-10.46.0.tgz",
      "integrity": "sha512-DUlww6TeFsFjHD/1qd+DtMutm44r3ssOYtPiMJrOVolX1NqdW6XzrJ5dTbVCA2s7Ucd+Vp25cWfXnLcJBfas3w==",
      "dependencies": {
        "@babel/runtime": "^7.19.0",
        "@styled-icons/styled-icon": "^10.7.0"
      },
      "funding": {
        "type": "GitHub",
        "url": "https://github.com/sponsors/jacobwgillespie"
      },
      "peerDependencies": {
        "react": "*",
        "styled-components": "*"
      }
    },
    "node_modules/@types/stylis": {
      "version": "4.2.5",
      "resolved": "https://registry.npmjs.org/@types/stylis/-/stylis-4.2.5.tgz",
      "integrity": "sha512-1Xve+NMN7FWjY14vLoY5tL3BVEQ/n42YLwaqJIPYhotZ9uBHt87VceMwWQpzmdEt2TNXIorIFG+YeCUUW7RInw==",
      "peer": true
    },
    "node_modules/camelize": {
      "version": "1.0.1",
      "resolved": "https://registry.npmjs.org/camelize/-/camelize-1.0.1.tgz",
      "integrity": "sha512-dU+Tx2fsypxTgtLoE36npi3UqcjSSMNYfkqgmoEhtZrraP5VWq0K7FkWVTYa8eMPtnU/G2txVsfdCJTn9uzpuQ==",
      "peer": true,
      "funding": {
        "url": "https://github.com/sponsors/ljharb"
      }
    },
    "node_modules/css-color-keywords": {
      "version": "1.0.0",
      "resolved": "https://registry.npmjs.org/css-color-keywords/-/css-color-keywords-1.0.0.tgz",
      "integrity": "sha512-FyyrDHZKEjXDpNJYvVsV960FiqQyXc/LlYmsxl2BcdMb2WPx0OGRVgTg55rPSyLSNMqP52R9r8geSp7apN3Ofg==",
      "peer": true,
      "engines": {
        "node": ">=4"
      }
    },
    "node_modules/css-to-react-native": {
      "version": "3.2.0",
      "resolved": "https://registry.npmjs.org/css-to-react-native/-/css-to-react-native-3.2.0.tgz",
      "integrity": "sha512-e8RKaLXMOFii+02mOlqwjbD00KSEKqblnpO9e++1aXS1fPQOpS1YoqdVHBqPjHNoxeF2mimzVqawm2KCbEdtHQ==",
      "peer": true,
      "dependencies": {
        "camelize": "^1.0.0",
        "css-color-keywords": "^1.0.0",
        "postcss-value-parser": "^4.0.2"
      }
    },
    "node_modules/csstype": {
      "version": "3.1.3",
      "resolved": "https://registry.npmjs.org/csstype/-/csstype-3.1.3.tgz",
      "integrity": "sha512-M1uQkMl8rQK/szD0LNhtqxIPLpimGm8sOBwU7lLnCpSbTyY3yeU1Vc7l4KT5zT4s/yOxHH5O7tIuuLOCnLADRw==",
      "peer": true
    },
    "node_modules/js-tokens": {
      "version": "4.0.0",
      "resolved": "https://registry.npmjs.org/js-tokens/-/js-tokens-4.0.0.tgz",
      "integrity": "sha512-RdJUflcE3cUzKiMqQgsCu06FPu9UdIJO0beYbPhHN4k6apgJtifcoCtT9bcxOpYBtpD2kCM6Sbzg4CausW/PKQ=="
    },
    "node_modules/loose-envify": {
      "version": "1.4.0",
      "resolved": "https://registry.npmjs.org/loose-envify/-/loose-envify-1.4.0.tgz",
      "integrity": "sha512-lyuxPGr/Wfhrlem2CL/UcnUc1zcqKAImBDzukY7Y5F/yQiNdko6+fRLevlw1HgMySw7f611UIY408EtxRSoK3Q==",
      "dependencies": {
        "js-tokens": "^3.0.0 || ^4.0.0"
      },
      "bin": {
        "loose-envify": "cli.js"
      }
    },
    "node_modules/lucide-react": {
      "version": "0.454.0",
      "resolved": "https://registry.npmjs.org/lucide-react/-/lucide-react-0.454.0.tgz",
      "integrity": "sha512-hw7zMDwykCLnEzgncEEjHeA6+45aeEzRYuKHuyRSOPkhko+J3ySGjGIzu+mmMfDFG1vazHepMaYFYHbTFAZAAQ==",
      "peerDependencies": {
        "react": "^16.5.1 || ^17.0.0 || ^18.0.0 || ^19.0.0-rc"
      }
    },
    "node_modules/nanoid": {
      "version": "3.3.7",
      "resolved": "https://registry.npmjs.org/nanoid/-/nanoid-3.3.7.tgz",
      "integrity": "sha512-eSRppjcPIatRIMC1U6UngP8XFcz8MQWGQdt1MTBQ7NaAmvXDfvNxbvWV3x2y6CdEUciCSsDHDQZbhYaB8QEo2g==",
      "funding": [
        {
          "type": "github",
          "url": "https://github.com/sponsors/ai"
        }
      ],
      "peer": true,
      "bin": {
        "nanoid": "bin/nanoid.cjs"
      },
      "engines": {
        "node": "^10 || ^12 || ^13.7 || ^14 || >=15.0.1"
      }
    },
    "node_modules/picocolors": {
      "version": "1.1.1",
      "resolved": "https://registry.npmjs.org/picocolors/-/picocolors-1.1.1.tgz",
      "integrity": "sha512-xceH2snhtb5M9liqDsmEw56le376mTZkEX/jEb/RxNFyegNul7eNslCXP9FDj/Lcu0X8KEyMceP2ntpaHrDEVA==",
      "peer": true
    },
    "node_modules/postcss": {
      "version": "8.4.38",
      "resolved": "https://registry.npmjs.org/postcss/-/postcss-8.4.38.tgz",
      "integrity": "sha512-Wglpdk03BSfXkHoQa3b/oulrotAkwrlLDRSOb9D0bN86FdRyE9lppSp33aHNPgBa0JKCoB+drFLZkQoRRYae5A==",
      "funding": [
        {
          "type": "opencollective",
          "url": "https://opencollective.com/postcss/"
        },
        {
          "type": "tidelift",
          "url": "https://tidelift.com/funding/github/npm/postcss"
        },
        {
          "type": "github",
          "url": "https://github.com/sponsors/ai"
        }
      ],
      "peer": true,
      "dependencies": {
        "nanoid": "^3.3.7",
        "picocolors": "^1.0.0",
        "source-map-js": "^1.2.0"
      },
      "engines": {
        "node": "^10 || ^12 || >=14"
      }
    },
    "node_modules/postcss-value-parser": {
      "version": "4.2.0",
      "resolved": "https://registry.npmjs.org/postcss-value-parser/-/postcss-value-parser-4.2.0.tgz",
      "integrity": "sha512-1NNCs6uurfkVbeXG4S8JFT9t19m45ICnif8zWLd5oPSZ50QnwMfK+H3jv408d4jw/7Bttv5axS5IiHoLaVNHeQ==",
      "peer": true
    },
    "node_modules/react": {
      "version": "18.3.1",
      "resolved": "https://registry.npmjs.org/react/-/react-18.3.1.tgz",
      "integrity": "sha512-wS+hAgJShR0KhEvPJArfuPVN1+Hz1t0Y6n5jLrGQbkb4urgPE/0Rve+1kMB1v/oWgHgm4WIcV+i7F2pTVj+2iQ==",
      "dependencies": {
        "loose-envify": "^1.1.0"
      },
      "engines": {
        "node": ">=0.10.0"
      }
    },
    "node_modules/react-dom": {
      "version": "18.3.1",
      "resolved": "https://registry.npmjs.org/react-dom/-/react-dom-18.3.1.tgz",
      "integrity": "sha512-5m4nQKp+rZRb09LNH59GM4BxTh9251/ylbKIbpe7TpGxfJ+9kv6BLkLBXIjjspbgbnIBNqlI23tRnTWT0snUIw==",
      "dependencies": {
        "loose-envify": "^1.1.0",
        "scheduler": "^0.23.2"
      },
      "peerDependencies": {
        "react": "^18.3.1"
      }
    },
    "node_modules/react-social-icons": {
      "version": "6.18.0",
      "resolved": "https://registry.npmjs.org/react-social-icons/-/react-social-icons-6.18.0.tgz",
      "integrity": "sha512-eUWAaTw9FDMYjXIXkyt9oqMIwO7l9z68jlNBbfEh/Rsxs0WaUKK5P1OgC1thITOQumgLqzTB10h3Fjzl/IdvGw==",
      "dependencies": {
        "@babel/runtime": "^7.24.8",
        "react": "^18.3.1",
        "react-dom": "^18.3.1"
      },
      "peerDependencies": {
        "react": "15.x.x || 16.x.x || 17.x.x || 18.x.x",
        "react-dom": "15.x.x || 16.x.x || 17.x.x || 18.x.x"
      }
    },
    "node_modules/regenerator-runtime": {
      "version": "0.14.1",
      "resolved": "https://registry.npmjs.org/regenerator-runtime/-/regenerator-runtime-0.14.1.tgz",
      "integrity": "sha512-dYnhHh0nJoMfnkZs6GmmhFknAGRrLznOu5nc9ML+EJxGvrx6H7teuevqVqCuPcPK//3eDrrjQhehXVx9cnkGdw=="
    },
    "node_modules/scheduler": {
      "version": "0.23.2",
      "resolved": "https://registry.npmjs.org/scheduler/-/scheduler-0.23.2.tgz",
      "integrity": "sha512-UOShsPwz7NrMUqhR6t0hWjFduvOzbtv7toDH1/hIrfRNIDBnnBWd0CwJTGvTpngVlmwGCdP9/Zl/tVrDqcuYzQ==",
      "dependencies": {
        "loose-envify": "^1.1.0"
      }
    },
    "node_modules/shallowequal": {
      "version": "1.1.0",
      "resolved": "https://registry.npmjs.org/shallowequal/-/shallowequal-1.1.0.tgz",
      "integrity": "sha512-y0m1JoUZSlPAjXVtPPW70aZWfIL/dSP7AFkRnniLCrK/8MDKog3TySTBmckD+RObVxH0v4Tox67+F14PdED2oQ==",
      "peer": true
    },
    "node_modules/source-map-js": {
      "version": "1.2.1",
      "resolved": "https://registry.npmjs.org/source-map-js/-/source-map-js-1.2.1.tgz",
      "integrity": "sha512-UXWMKhLOwVKb728IUtQPXxfYU+usdybtUrK/8uGE8CQMvrhOpwvzDBwj0QhSL7MQc7vIsISBG8VQ8+IDQxpfQA==",
      "peer": true,
      "engines": {
        "node": ">=0.10.0"
      }
    },
    "node_modules/styled-components": {
      "version": "6.1.13",
      "resolved": "https://registry.npmjs.org/styled-components/-/styled-components-6.1.13.tgz",
      "integrity": "sha512-M0+N2xSnAtwcVAQeFEsGWFFxXDftHUD7XrKla06QbpUMmbmtFBMMTcKWvFXtWxuD5qQkB8iU5gk6QASlx2ZRMw==",
      "peer": true,
      "dependencies": {
        "@emotion/is-prop-valid": "1.2.2",
        "@emotion/unitless": "0.8.1",
        "@types/stylis": "4.2.5",
        "css-to-react-native": "3.2.0",
        "csstype": "3.1.3",
        "postcss": "8.4.38",
        "shallowequal": "1.1.0",
        "stylis": "4.3.2",
        "tslib": "2.6.2"
      },
      "engines": {
        "node": ">= 16"
      },
      "funding": {
        "type": "opencollective",
        "url": "https://opencollective.com/styled-components"
      },
      "peerDependencies": {
        "react": ">= 16.8.0",
        "react-dom": ">= 16.8.0"
      }
    },
    "node_modules/styled-icons": {
      "version": "10.47.1",
      "resolved": "https://registry.npmjs.org/styled-icons/-/styled-icons-10.47.1.tgz",
      "integrity": "sha512-O6SguU8Z8Qk+rWJkiPmoLOxCQ3x8Emabue2r4NPqX+CK1uyaNahzFtKaGq/0d13RTWXqfVOBUSIJZaIlu4G/CA==",
      "dependencies": {
        "@babel/runtime": "^7.20.7",
        "@styled-icons/bootstrap": "10.47.0",
        "@styled-icons/boxicons-logos": "10.47.0",
        "@styled-icons/boxicons-regular": "10.47.0",
        "@styled-icons/boxicons-solid": "10.47.0",
        "@styled-icons/crypto": "10.47.0",
        "@styled-icons/entypo": "10.46.0",
        "@styled-icons/entypo-social": "10.46.0",
        "@styled-icons/evaicons-outline": "10.46.0",
        "@styled-icons/evaicons-solid": "10.46.0",
        "@styled-icons/evil": "10.46.0",
        "@styled-icons/fa-brands": "10.47.0",
        "@styled-icons/fa-regular": "10.47.0",
        "@styled-icons/fa-solid": "10.47.0",
        "@styled-icons/feather": "10.47.0",
        "@styled-icons/fluentui-system-filled": "10.47.0",
        "@styled-icons/fluentui-system-regular": "10.47.0",
        "@styled-icons/foundation": "10.46.0",
        "@styled-icons/heroicons-outline": "10.47.0",
        "@styled-icons/heroicons-solid": "10.47.0",
        "@styled-icons/icomoon": "10.46.0",
        "@styled-icons/ionicons-outline": "10.46.0",
        "@styled-icons/ionicons-sharp": "10.46.0",
        "@styled-icons/ionicons-solid": "10.46.0",
        "@styled-icons/material": "10.47.0",
        "@styled-icons/material-outlined": "10.47.0",
        "@styled-icons/material-rounded": "10.47.0",
        "@styled-icons/material-sharp": "10.47.0",
        "@styled-icons/material-twotone": "10.47.0",
        "@styled-icons/octicons": "10.47.0",
        "@styled-icons/open-iconic": "10.46.0",
        "@styled-icons/remix-editor": "10.46.0",
        "@styled-icons/remix-fill": "10.46.0",
        "@styled-icons/remix-line": "10.46.0",
        "@styled-icons/simple-icons": "10.46.0",
        "@styled-icons/styled-icon": "10.7.1",
        "@styled-icons/typicons": "10.46.0",
        "@styled-icons/zondicons": "10.46.0"
      },
      "funding": {
        "type": "GitHub",
        "url": "https://github.com/sponsors/jacobwgillespie"
      },
      "peerDependencies": {
        "react": "*",
        "styled-components": ">=4.1.0"
      }
    },
    "node_modules/stylis": {
      "version": "4.3.2",
      "resolved": "https://registry.npmjs.org/stylis/-/stylis-4.3.2.tgz",
      "integrity": "sha512-bhtUjWd/z6ltJiQwg0dUfxEJ+W+jdqQd8TbWLWyeIJHlnsqmGLRFFd8e5mA0AZi/zx90smXRlN66YMTcaSFifg==",
      "peer": true
    },
    "node_modules/tslib": {
      "version": "2.6.2",
      "resolved": "https://registry.npmjs.org/tslib/-/tslib-2.6.2.tgz",
      "integrity": "sha512-AEYxH93jGFPn/a2iVAwW87VuUIkR1FVUKB77NwMF7nBTDkDrrT/Hpt/IrCJ0QXhW27jTBDcf5ZY7w6RiqTMw2Q==",
      "peer": true
    }
  }
}
